
Microsoft Visual Studio Solution File, Format Version 12.00
# Visual Studio Version 17
VisualStudioVersion = 17.0.32126.317
MinimumVisualStudioVersion = 10.0.40219.1
Project("{FAE04EC0-301F-11D3-BF4B-00C04F79EFBC}") = "Biblioteca.WebApi", "Biblioteca.WebApi\Biblioteca.WebApi.csproj", "{B809E14D-66D7-4170-8472-6D849DD2BEEB}"
EndProject
Project("{2150E333-8FDC-42A3-9474-1A3956D46DE8}") = "Middleware", "Middleware", "{79D8298A-80D3-4F0F-AFA1-FF448DE57E52}"
EndProject
Project("{FAE04EC0-301F-11D3-BF4B-00C04F79EFBC}") = "Biblioteca.Domain", "Biblioteca.Domain\Biblioteca.Domain.csproj", "{57B99351-52D3-4C93-B623-5F4AB4A603C6}"
EndProject
Project("{FAE04EC0-301F-11D3-BF4B-00C04F79EFBC}") = "Biblioteca.Infraestructure", "Biblioteca.Infraestructure\Biblioteca.Infraestructure.csproj", "{5A748872-3DC7-4372-8FA7-73FE56A05134}"
EndProject
Global
	GlobalSection(SolutionConfigurationPlatforms) = preSolution
		Debug|Any CPU = Debug|Any CPU
		Release|Any CPU = Release|Any CPU
	EndGlobalSection
	GlobalSection(ProjectConfigurationPlatforms) = postSolution
		{B809E14D-66D7-4170-8472-6D849DD2BEEB}.Debug|Any CPU.ActiveCfg = Debug|Any CPU
		{B809E14D-66D7-4170-8472-6D849DD2BEEB}.Debug|Any CPU.Build.0 = Debug|Any CPU
		{B809E14D-66D7-4170-8472-6D849DD2BEEB}.Release|Any CPU.ActiveCfg = Release|Any CPU
		{B809E14D-66D7-4170-8472-6D849DD2BEEB}.Release|Any CPU.Build.0 = Release|Any CPU
		{57B99351-52D3-4C93-B623-5F4AB4A603C6}.Debug|Any CPU.ActiveCfg = Debug|Any CPU
		{57B99351-52D3-4C93-B623-5F4AB4A603C6}.Debug|Any CPU.Build.0 = Debug|Any CPU
		{57B99351-52D3-4C93-B623-5F4AB4A603C6}.Release|Any CPU.ActiveCfg = Release|Any CPU
		{57B99351-52D3-4C93-B623-5F4AB4A603C6}.Release|Any CPU.Build.0 = Release|Any CPU
		{5A748872-3DC7-4372-8FA7-73FE56A05134}.Debug|Any CPU.ActiveCfg = Debug|Any CPU
		{5A748872-3DC7-4372-8FA7-73FE56A05134}.Debug|Any CPU.Build.0 = Debug|Any CPU
		{5A748872-3DC7-4372-8FA7-73FE56A05134}.Release|Any CPU.ActiveCfg = Release|Any CPU
		{5A748872-3DC7-4372-8FA7-73FE56A05134}.Release|Any CPU.Build.0 = Release|Any CPU
	EndGlobalSection
	GlobalSection(SolutionProperties) = preSolution
		HideSolutionNode = FALSE
	EndGlobalSection
	GlobalSection(NestedProjects) = preSolution
		{B809E14D-66D7-4170-8472-6D849DD2BEEB} = {79D8298A-80D3-4F0F-AFA1-FF448DE57E52}
		{57B99351-52D3-4C93-B623-5F4AB4A603C6} = {79D8298A-80D3-4F0F-AFA1-FF448DE57E52}
		{5A748872-3DC7-4372-8FA7-73FE56A05134} = {79D8298A-80D3-4F0F-AFA1-FF448DE57E52}
	EndGlobalSection
	GlobalSection(ExtensibilityGlobals) = postSolution
		SolutionGuid = {D87F83F0-582B-4FD0-8A21-43209E2F3CB3}
	EndGlobalSection
EndGlobal
